
Microsoft Visual Studio Solution File, Format Version 12.00
# Visual Studio Version 16
VisualStudioVersion = 16.0.32002.261
MinimumVisualStudioVersion = 10.0.40219.1
Project("{FAE04EC0-301F-11D3-BF4B-00C04F79EFBC}") = "ScooterRental", "ScooterRental\ScooterRental.csproj", "{9B8EF08C-359D-48E6-AB1E-D14518ECFB7B}"
EndProject
Project("{FAE04EC0-301F-11D3-BF4B-00C04F79EFBC}") = "ScooterRental.Test", "ScooterRental.Test\ScooterRental.Test.csproj", "{73E9D195-361E-4E30-B911-659E87900AD8}"
EndProject
Global
	GlobalSection(SolutionConfigurationPlatforms) = preSolution
		Debug|Any CPU = Debug|Any CPU
		Release|Any CPU = Release|Any CPU
	EndGlobalSection
	GlobalSection(ProjectConfigurationPlatforms) = postSolution
		{9B8EF08C-359D-48E6-AB1E-D14518ECFB7B}.Debug|Any CPU.ActiveCfg = Debug|Any CPU
		{9B8EF08C-359D-48E6-AB1E-D14518ECFB7B}.Debug|Any CPU.Build.0 = Debug|Any CPU
		{9B8EF08C-359D-48E6-AB1E-D14518ECFB7B}.Release|Any CPU.ActiveCfg = Release|Any CPU
		{9B8EF08C-359D-48E6-AB1E-D14518ECFB7B}.Release|Any CPU.Build.0 = Release|Any CPU
		{73E9D195-361E-4E30-B911-659E87900AD8}.Debug|Any CPU.ActiveCfg = Debug|Any CPU
		{73E9D195-361E-4E30-B911-659E87900AD8}.Debug|Any CPU.Build.0 = Debug|Any CPU
		{73E9D195-361E-4E30-B911-659E87900AD8}.Release|Any CPU.ActiveCfg = Release|Any CPU
		{73E9D195-361E-4E30-B911-659E87900AD8}.Release|Any CPU.Build.0 = Release|Any CPU
	EndGlobalSection
	GlobalSection(SolutionProperties) = preSolution
		HideSolutionNode = FALSE
	EndGlobalSection
	GlobalSection(ExtensibilityGlobals) = postSolution
		SolutionGuid = {B9431A9A-9011-4161-B62A-C3E47109CE85}
	EndGlobalSection
EndGlobal
